// !$*UTF8*$!
{
	archiveVersion = 1;
	classes = {
	};
	objectVersion = 46;
	objects = {

/* Begin PBXBuildFile section */
		18101CE6184F794100F17259 /* DigiScope.xcdatamodeld in Sources */ = {isa = PBXBuildFile; fileRef = 18101CE4184F794100F17259 /* DigiScope.xcdatamodeld */; };
		18101D30184F86C500F17259 /* UIPopoverOverride.m in Sources */ = {isa = PBXBuildFile; fileRef = 18101D2F184F86C500F17259 /* UIPopoverOverride.m */; };
		18101D32185293D600F17259 /* MessageUI.framework in Frameworks */ = {isa = PBXBuildFile; fileRef = 18101D31185293D600F17259 /* MessageUI.framework */; };
		18396D7118C111A7006079F3 /* Storm.m4a in Resources */ = {isa = PBXBuildFile; fileRef = 18396D7018C111A7006079F3 /* Storm.m4a */; };
		183EC9AF18BE5A4A00C29ED1 /* Delete.png in Resources */ = {isa = PBXBuildFile; fileRef = 183EC9AB18BE5A4A00C29ED1 /* Delete.png */; };
		183EC9B018BE5A4A00C29ED1 /* ECG_0.png in Resources */ = {isa = PBXBuildFile; fileRef = 183EC9AC18BE5A4A00C29ED1 /* ECG_0.png */; };
		183EC9B118BE5A4A00C29ED1 /* ECG_1.png in Resources */ = {isa = PBXBuildFile; fileRef = 183EC9AD18BE5A4A00C29ED1 /* ECG_1.png */; };
		183EC9B218BE5A4A00C29ED1 /* Export.png in Resources */ = {isa = PBXBuildFile; fileRef = 183EC9AE18BE5A4A00C29ED1 /* Export.png */; };
		183EC9BA18BE5A5900C29ED1 /* Open.png in Resources */ = {isa = PBXBuildFile; fileRef = 183EC9B318BE5A5900C29ED1 /* Open.png */; };
		183EC9BB18BE5A5900C29ED1 /* Play_0.png in Resources */ = {isa = PBXBuildFile; fileRef = 183EC9B418BE5A5900C29ED1 /* Play_0.png */; };
		183EC9BC18BE5A5900C29ED1 /* Play_1.png in Resources */ = {isa = PBXBuildFile; fileRef = 183EC9B518BE5A5900C29ED1 /* Play_1.png */; };
		183EC9BD18BE5A5900C29ED1 /* Record_0.png in Resources */ = {isa = PBXBuildFile; fileRef = 183EC9B618BE5A5900C29ED1 /* Record_0.png */; };
		183EC9BE18BE5A5900C29ED1 /* Record_1.png in Resources */ = {isa = PBXBuildFile; fileRef = 183EC9B718BE5A5900C29ED1 /* Record_1.png */; };
		183EC9BF18BE5A5900C29ED1 /* Save.png in Resources */ = {isa = PBXBuildFile; fileRef = 183EC9B818BE5A5900C29ED1 /* Save.png */; };
		183EC9C018BE5A5900C29ED1 /* SliderSurface.png in Resources */ = {isa = PBXBuildFile; fileRef = 183EC9B918BE5A5900C29ED1 /* SliderSurface.png */; };
		1841316E184CE366002CA705 /* AudioController.mm in Sources */ = {isa = PBXBuildFile; fileRef = 1841316D184CE366002CA705 /* AudioController.mm */; };
		18413170184CE38D002CA705 /* MediaPlayer.framework in Frameworks */ = {isa = PBXBuildFile; fileRef = 1841316F184CE38D002CA705 /* MediaPlayer.framework */; };
		18413172184CE395002CA705 /* AudioToolbox.framework in Frameworks */ = {isa = PBXBuildFile; fileRef = 18413171184CE395002CA705 /* AudioToolbox.framework */; };
		18413174184CE3A1002CA705 /* AVFoundation.framework in Frameworks */ = {isa = PBXBuildFile; fileRef = 18413173184CE3A1002CA705 /* AVFoundation.framework */; };
		18413176184CE3AA002CA705 /* CoreAudio.framework in Frameworks */ = {isa = PBXBuildFile; fileRef = 18413175184CE3AA002CA705 /* CoreAudio.framework */; };
		18413178184CE3B4002CA705 /* CoreData.framework in Frameworks */ = {isa = PBXBuildFile; fileRef = 18413177184CE3B4002CA705 /* CoreData.framework */; };
		1841317B184CE43F002CA705 /* GlobalVar.m in Sources */ = {isa = PBXBuildFile; fileRef = 1841317A184CE43F002CA705 /* GlobalVar.m */; };
		18413181184CECD8002CA705 /* LiveViewController.mm in Sources */ = {isa = PBXBuildFile; fileRef = 18413180184CECD8002CA705 /* LiveViewController.mm */; };
		1841318D184E2E07002CA705 /* CADebugMacros.cpp in Sources */ = {isa = PBXBuildFile; fileRef = 18413185184E2E07002CA705 /* CADebugMacros.cpp */; };
		1841318E184E2E07002CA705 /* CAXException.cpp in Sources */ = {isa = PBXBuildFile; fileRef = 18413187184E2E07002CA705 /* CAXException.cpp */; };
		18413190184E2E07002CA705 /* CADebugPrintf.cpp in Sources */ = {isa = PBXBuildFile; fileRef = 1841318B184E2E07002CA705 /* CADebugPrintf.cpp */; };
		1853B3B218A0A060008DB98B /* Recording.m in Sources */ = {isa = PBXBuildFile; fileRef = 1853B3B118A0A060008DB98B /* Recording.m */; };
		18547234187C5850009759D2 /* CAStreamBasicDescription.cpp in Sources */ = {isa = PBXBuildFile; fileRef = 18547232187C5850009759D2 /* CAStreamBasicDescription.cpp */; };
		18547237187C5D69009759D2 /* EAGLView.m in Sources */ = {isa = PBXBuildFile; fileRef = 18547236187C5D69009759D2 /* EAGLView.m */; };
		18C61A33180DACC3008B14D6 /* Foundation.framework in Frameworks */ = {isa = PBXBuildFile; fileRef = 18C61A32180DACC3008B14D6 /* Foundation.framework */; };
		18C61A35180DACC3008B14D6 /* CoreGraphics.framework in Frameworks */ = {isa = PBXBuildFile; fileRef = 18C61A34180DACC3008B14D6 /* CoreGraphics.framework */; };
		18C61A37180DACC3008B14D6 /* UIKit.framework in Frameworks */ = {isa = PBXBuildFile; fileRef = 18C61A36180DACC3008B14D6 /* UIKit.framework */; };
		18C61A3D180DACC3008B14D6 /* InfoPlist.strings in Resources */ = {isa = PBXBuildFile; fileRef = 18C61A3B180DACC3008B14D6 /* InfoPlist.strings */; };
		18C61A3F180DACC3008B14D6 /* main.m in Sources */ = {isa = PBXBuildFile; fileRef = 18C61A3E180DACC3008B14D6 /* main.m */; };
		18C61A43180DACC3008B14D6 /* DigiScopeAppAppDelegate.m in Sources */ = {isa = PBXBuildFile; fileRef = 18C61A42180DACC3008B14D6 /* DigiScopeAppAppDelegate.m */; };
		18C61A46180DACC4008B14D6 /* Main_iPhone.storyboard in Resources */ = {isa = PBXBuildFile; fileRef = 18C61A44180DACC4008B14D6 /* Main_iPhone.storyboard */; };
		18C61A49180DACC4008B14D6 /* Main_iPad.storyboard in Resources */ = {isa = PBXBuildFile; fileRef = 18C61A47180DACC4008B14D6 /* Main_iPad.storyboard */; };
		18C61A4C180DACC4008B14D6 /* DigiScopeAppViewController.m in Sources */ = {isa = PBXBuildFile; fileRef = 18C61A4B180DACC4008B14D6 /* DigiScopeAppViewController.m */; };
		18C61A4E180DACC4008B14D6 /* Images.xcassets in Resources */ = {isa = PBXBuildFile; fileRef = 18C61A4D180DACC4008B14D6 /* Images.xcassets */; };
		18C61A55180DACC4008B14D6 /* XCTest.framework in Frameworks */ = {isa = PBXBuildFile; fileRef = 18C61A54180DACC4008B14D6 /* XCTest.framework */; };
		18C61A56180DACC4008B14D6 /* Foundation.framework in Frameworks */ = {isa = PBXBuildFile; fileRef = 18C61A32180DACC3008B14D6 /* Foundation.framework */; };
		18C61A57180DACC4008B14D6 /* UIKit.framework in Frameworks */ = {isa = PBXBuildFile; fileRef = 18C61A36180DACC3008B14D6 /* UIKit.framework */; };
		18C61A5F180DACC4008B14D6 /* InfoPlist.strings in Resources */ = {isa = PBXBuildFile; fileRef = 18C61A5D180DACC4008B14D6 /* InfoPlist.strings */; };
		18C61A61180DACC4008B14D6 /* DigiScopeTests.m in Sources */ = {isa = PBXBuildFile; fileRef = 18C61A60180DACC4008B14D6 /* DigiScopeTests.m */; };
		18E1535218BBB62E00125F82 /* GraphScreen.png in Resources */ = {isa = PBXBuildFile; fileRef = 18E1533818BBB62E00125F82 /* GraphScreen.png */; };
		18E1535718BBB62E00125F82 /* Number_B.png in Resources */ = {isa = PBXBuildFile; fileRef = 18E1533D18BBB62E00125F82 /* Number_B.png */; };
		18E1535818BBB62E00125F82 /* Number_background.png in Resources */ = {isa = PBXBuildFile; fileRef = 18E1533E18BBB62E00125F82 /* Number_background.png */; };
		18E1535918BBB62E00125F82 /* Number_D.png in Resources */ = {isa = PBXBuildFile; fileRef = 18E1533F18BBB62E00125F82 /* Number_D.png */; };
		18E1535A18BBB62E00125F82 /* Number_E.png in Resources */ = {isa = PBXBuildFile; fileRef = 18E1534018BBB62E00125F82 /* Number_E.png */; };
		18E1535B18BBB62E00125F82 /* Number_R.png in Resources */ = {isa = PBXBuildFile; fileRef = 18E1534118BBB62E00125F82 /* Number_R.png */; };
		18E1535C18BBB62E00125F82 /* NumberScreen.png in Resources */ = {isa = PBXBuildFile; fileRef = 18E1534218BBB62E00125F82 /* NumberScreen.png */; };
		18E1536C18BBE49700125F82 /* LaunchImg_L_768.png in Resources */ = {isa = PBXBuildFile; fileRef = 18E1536418BBE49700125F82 /* LaunchImg_L_768.png */; };
		18E1536D18BBE49700125F82 /* LaunchImg_L_960.png in Resources */ = {isa = PBXBuildFile; fileRef = 18E1536518BBE49700125F82 /* LaunchImg_L_960.png */; };
		18E1536E18BBE49700125F82 /* LaunchImg_L_1136.png in Resources */ = {isa = PBXBuildFile; fileRef = 18E1536618BBE49700125F82 /* LaunchImg_L_1136.png */; };
		18E1536F18BBE49700125F82 /* LaunchImg_L_1536.png in Resources */ = {isa = PBXBuildFile; fileRef = 18E1536718BBE49700125F82 /* LaunchImg_L_1536.png */; };
		18E1537018BBE49700125F82 /* LaunchImg_P_768.png in Resources */ = {isa = PBXBuildFile; fileRef = 18E1536818BBE49700125F82 /* LaunchImg_P_768.png */; };
		18E1537118BBE49700125F82 /* LaunchImg_P_960.png in Resources */ = {isa = PBXBuildFile; fileRef = 18E1536918BBE49700125F82 /* LaunchImg_P_960.png */; };
		18E1537218BBE49700125F82 /* LaunchImg_P_1136.png in Resources */ = {isa = PBXBuildFile; fileRef = 18E1536A18BBE49700125F82 /* LaunchImg_P_1136.png */; };
		18E1537318BBE49700125F82 /* LaunchImg_P_1536.png in Resources */ = {isa = PBXBuildFile; fileRef = 18E1536B18BBE49700125F82 /* LaunchImg_P_1536.png */; };
		18E1537A18BBE53D00125F82 /* AppIcon_29.png in Resources */ = {isa = PBXBuildFile; fileRef = 18E1537418BBE53D00125F82 /* AppIcon_29.png */; };
		18E1537B18BBE53D00125F82 /* AppIcon_40.png in Resources */ = {isa = PBXBuildFile; fileRef = 18E1537518BBE53D00125F82 /* AppIcon_40.png */; };
		18E1537C18BBE53D00125F82 /* AppIcon_58.png in Resources */ = {isa = PBXBuildFile; fileRef = 18E1537618BBE53D00125F82 /* AppIcon_58.png */; };
		18E1537D18BBE53D00125F82 /* AppIcon_76.png in Resources */ = {isa = PBXBuildFile; fileRef = 18E1537718BBE53D00125F82 /* AppIcon_76.png */; };
		18E1537E18BBE53D00125F82 /* AppIcon_80.png in Resources */ = {isa = PBXBuildFile; fileRef = 18E1537818BBE53D00125F82 /* AppIcon_80.png */; };
		18E1537F18BBE53D00125F82 /* AppIcon_120.png in Resources */ = {isa = PBXBuildFile; fileRef = 18E1537918BBE53D00125F82 /* AppIcon_120.png */; };
		18E1538118BBEAAC00125F82 /* AppIcon_152.png in Resources */ = {isa = PBXBuildFile; fileRef = 18E1538018BBEAAC00125F82 /* AppIcon_152.png */; };
		18E1538C18BBEABC00125F82 /* Number_0.png in Resources */ = {isa = PBXBuildFile; fileRef = 18E1538218BBEABC00125F82 /* Number_0.png */; };
		18E1538D18BBEABC00125F82 /* Number_1.png in Resources */ = {isa = PBXBuildFile; fileRef = 18E1538318BBEABC00125F82 /* Number_1.png */; };
		18E1538E18BBEABC00125F82 /* Number_2.png in Resources */ = {isa = PBXBuildFile; fileRef = 18E1538418BBEABC00125F82 /* Number_2.png */; };
		18E1538F18BBEABC00125F82 /* Number_3.png in Resources */ = {isa = PBXBuildFile; fileRef = 18E1538518BBEABC00125F82 /* Number_3.png */; };
		18E1539018BBEABC00125F82 /* Number_4.png in Resources */ = {isa = PBXBuildFile; fileRef = 18E1538618BBEABC00125F82 /* Number_4.png */; };
		18E1539118BBEABC00125F82 /* Number_5.png in Resources */ = {isa = PBXBuildFile; fileRef = 18E1538718BBEABC00125F82 /* Number_5.png */; };
		18E1539218BBEABC00125F82 /* Number_6.png in Resources */ = {isa = PBXBuildFile; fileRef = 18E1538818BBEABC00125F82 /* Number_6.png */; };
		18E1539318BBEABC00125F82 /* Number_7.png in Resources */ = {isa = PBXBuildFile; fileRef = 18E1538918BBEABC00125F82 /* Number_7.png */; };
		18E1539418BBEABC00125F82 /* Number_8.png in Resources */ = {isa = PBXBuildFile; fileRef = 18E1538A18BBEABC00125F82 /* Number_8.png */; };
		18E1539518BBEABC00125F82 /* Number_9.png in Resources */ = {isa = PBXBuildFile; fileRef = 18E1538B18BBEABC00125F82 /* Number_9.png */; };
/* End PBXBuildFile section */

/* Begin PBXContainerItemProxy section */
		18C61A58180DACC4008B14D6 /* PBXContainerItemProxy */ = {
			isa = PBXContainerItemProxy;
			containerPortal = 18C61A27180DACC3008B14D6 /* Project object */;
			proxyType = 1;
			remoteGlobalIDString = 18C61A2E180DACC3008B14D6;
			remoteInfo = DigiScope;
		};
/* End PBXContainerItemProxy section */

/* Begin PBXFileReference section */
		18101CE5184F794100F17259 /* DigiScope.xcdatamodel */ = {isa = PBXFileReference; lastKnownFileType = wrapper.xcdatamodel; path = DigiScope.xcdatamodel; sourceTree = "<group>"; };
		18101D2E184F86C500F17259 /* UIPopoverOverride.h */ = {isa = PBXFileReference; fileEncoding = 4; lastKnownFileType = sourcecode.c.h; path = UIPopoverOverride.h; sourceTree = "<group>"; };
		18101D2F184F86C500F17259 /* UIPopoverOverride.m */ = {isa = PBXFileReference; fileEncoding = 4; lastKnownFileType = sourcecode.c.objc; path = UIPopoverOverride.m; sourceTree = "<group>"; };
		18101D31185293D600F17259 /* MessageUI.framework */ = {isa = PBXFileReference; lastKnownFileType = wrapper.framework; name = MessageUI.framework; path = System/Library/Frameworks/MessageUI.framework; sourceTree = SDKROOT; };
		18396D7018C111A7006079F3 /* Storm.m4a */ = {isa = PBXFileReference; lastKnownFileType = file; path = Storm.m4a; sourceTree = "<group>"; };
		183EC9AB18BE5A4A00C29ED1 /* Delete.png */ = {isa = PBXFileReference; lastKnownFileType = image.png; path = Delete.png; sourceTree = "<group>"; };
		183EC9AC18BE5A4A00C29ED1 /* ECG_0.png */ = {isa = PBXFileReference; lastKnownFileType = image.png; path = ECG_0.png; sourceTree = "<group>"; };
		183EC9AD18BE5A4A00C29ED1 /* ECG_1.png */ = {isa = PBXFileReference; lastKnownFileType = image.png; path = ECG_1.png; sourceTree = "<group>"; };
		183EC9AE18BE5A4A00C29ED1 /* Export.png */ = {isa = PBXFileReference; lastKnownFileType = image.png; path = Export.png; sourceTree = "<group>"; };
		183EC9B318BE5A5900C29ED1 /* Open.png */ = {isa = PBXFileReference; lastKnownFileType = image.png; path = Open.png; sourceTree = "<group>"; };
		183EC9B418BE5A5900C29ED1 /* Play_0.png */ = {isa = PBXFileReference; lastKnownFileType = image.png; path = Play_0.png; sourceTree = "<group>"; };
		183EC9B518BE5A5900C29ED1 /* Play_1.png */ = {isa = PBXFileReference; lastKnownFileType = image.png; path = Play_1.png; sourceTree = "<group>"; };
		183EC9B618BE5A5900C29ED1 /* Record_0.png */ = {isa = PBXFileReference; lastKnownFileType = image.png; path = Record_0.png; sourceTree = "<group>"; };
		183EC9B718BE5A5900C29ED1 /* Record_1.png */ = {isa = PBXFileReference; lastKnownFileType = image.png; path = Record_1.png; sourceTree = "<group>"; };
		183EC9B818BE5A5900C29ED1 /* Save.png */ = {isa = PBXFileReference; lastKnownFileType = image.png; path = Save.png; sourceTree = "<group>"; };
		183EC9B918BE5A5900C29ED1 /* SliderSurface.png */ = {isa = PBXFileReference; lastKnownFileType = image.png; path = SliderSurface.png; sourceTree = "<group>"; };
		1841316C184CE366002CA705 /* AudioController.h */ = {isa = PBXFileReference; fileEncoding = 4; lastKnownFileType = sourcecode.c.h; path = AudioController.h; sourceTree = "<group>"; };
		1841316D184CE366002CA705 /* AudioController.mm */ = {isa = PBXFileReference; fileEncoding = 4; lastKnownFileType = sourcecode.cpp.objcpp; path = AudioController.mm; sourceTree = "<group>"; };
		1841316F184CE38D002CA705 /* MediaPlayer.framework */ = {isa = PBXFileReference; lastKnownFileType = wrapper.framework; name = MediaPlayer.framework; path = System/Library/Frameworks/MediaPlayer.framework; sourceTree = SDKROOT; };
		18413171184CE395002CA705 /* AudioToolbox.framework */ = {isa = PBXFileReference; lastKnownFileType = wrapper.framework; name = AudioToolbox.framework; path = System/Library/Frameworks/AudioToolbox.framework; sourceTree = SDKROOT; };
		18413173184CE3A1002CA705 /* AVFoundation.framework */ = {isa = PBXFileReference; lastKnownFileType = wrapper.framework; name = AVFoundation.framework; path = System/Library/Frameworks/AVFoundation.framework; sourceTree = SDKROOT; };
		18413175184CE3AA002CA705 /* CoreAudio.framework */ = {isa = PBXFileReference; lastKnownFileType = wrapper.framework; name = CoreAudio.framework; path = System/Library/Frameworks/CoreAudio.framework; sourceTree = SDKROOT; };
		18413177184CE3B4002CA705 /* CoreData.framework */ = {isa = PBXFileReference; lastKnownFileType = wrapper.framework; name = CoreData.framework; path = System/Library/Frameworks/CoreData.framework; sourceTree = SDKROOT; };
		18413179184CE43F002CA705 /* GlobalVar.h */ = {isa = PBXFileReference; fileEncoding = 4; lastKnownFileType = sourcecode.c.h; path = GlobalVar.h; sourceTree = "<group>"; };
		1841317A184CE43F002CA705 /* GlobalVar.m */ = {isa = PBXFileReference; fileEncoding = 4; lastKnownFileType = sourcecode.c.objc; path = GlobalVar.m; sourceTree = "<group>"; };
		1841317F184CECD8002CA705 /* LiveViewController.h */ = {isa = PBXFileReference; fileEncoding = 4; lastKnownFileType = sourcecode.c.h; path = LiveViewController.h; sourceTree = "<group>"; };
		18413180184CECD8002CA705 /* LiveViewController.mm */ = {isa = PBXFileReference; fileEncoding = 4; lastKnownFileType = sourcecode.cpp.objcpp; path = LiveViewController.mm; sourceTree = "<group>"; };
		18413183184E2E07002CA705 /* CABitOperations.h */ = {isa = PBXFileReference; fileEncoding = 4; lastKnownFileType = sourcecode.c.h; path = CABitOperations.h; sourceTree = "<group>"; };
		18413184184E2E07002CA705 /* CADebugMacros.h */ = {isa = PBXFileReference; fileEncoding = 4; lastKnownFileType = sourcecode.c.h; path = CADebugMacros.h; sourceTree = "<group>"; };
		18413185184E2E07002CA705 /* CADebugMacros.cpp */ = {isa = PBXFileReference; fileEncoding = 4; lastKnownFileType = sourcecode.cpp.cpp; path = CADebugMacros.cpp; sourceTree = "<group>"; };
		18413186184E2E07002CA705 /* CAXException.h */ = {isa = PBXFileReference; fileEncoding = 4; lastKnownFileType = sourcecode.c.h; path = CAXException.h; sourceTree = "<group>"; };
		18413187184E2E07002CA705 /* CAXException.cpp */ = {isa = PBXFileReference; fileEncoding = 4; lastKnownFileType = sourcecode.cpp.cpp; path = CAXException.cpp; sourceTree = "<group>"; };
		18413188184E2E07002CA705 /* CAMath.h */ = {isa = PBXFileReference; fileEncoding = 4; lastKnownFileType = sourcecode.c.h; path = CAMath.h; sourceTree = "<group>"; };
		1841318B184E2E07002CA705 /* CADebugPrintf.cpp */ = {isa = PBXFileReference; fileEncoding = 4; lastKnownFileType = sourcecode.cpp.cpp; path = CADebugPrintf.cpp; sourceTree = "<group>"; };
		1841318C184E2E07002CA705 /* CADebugPrintf.h */ = {isa = PBXFileReference; fileEncoding = 4; lastKnownFileType = sourcecode.c.h; path = CADebugPrintf.h; sourceTree = "<group>"; };
		1853B3B018A0A060008DB98B /* Recording.h */ = {isa = PBXFileReference; fileEncoding = 4; lastKnownFileType = sourcecode.c.h; path = Recording.h; sourceTree = "<group>"; };
		1853B3B118A0A060008DB98B /* Recording.m */ = {isa = PBXFileReference; fileEncoding = 4; lastKnownFileType = sourcecode.c.objc; path = Recording.m; sourceTree = "<group>"; };
		18547232187C5850009759D2 /* CAStreamBasicDescription.cpp */ = {isa = PBXFileReference; fileEncoding = 4; lastKnownFileType = sourcecode.cpp.cpp; path = CAStreamBasicDescription.cpp; sourceTree = "<group>"; };
		18547233187C5850009759D2 /* CAStreamBasicDescription.h */ = {isa = PBXFileReference; fileEncoding = 4; lastKnownFileType = sourcecode.c.h; path = CAStreamBasicDescription.h; sourceTree = "<group>"; };
		18547235187C5D69009759D2 /* EAGLView.h */ = {isa = PBXFileReference; fileEncoding = 4; lastKnownFileType = sourcecode.c.h; path = EAGLView.h; sourceTree = "<group>"; };
		18547236187C5D69009759D2 /* EAGLView.m */ = {isa = PBXFileReference; fileEncoding = 4; lastKnownFileType = sourcecode.c.objc; path = EAGLView.m; sourceTree = "<group>"; };
		18C61A2F180DACC3008B14D6 /* DigiScope.app */ = {isa = PBXFileReference; explicitFileType = wrapper.application; includeInIndex = 0; path = DigiScope.app; sourceTree = BUILT_PRODUCTS_DIR; };
		18C61A32180DACC3008B14D6 /* Foundation.framework */ = {isa = PBXFileReference; lastKnownFileType = wrapper.framework; name = Foundation.framework; path = System/Library/Frameworks/Foundation.framework; sourceTree = SDKROOT; };
		18C61A34180DACC3008B14D6 /* CoreGraphics.framework */ = {isa = PBXFileReference; lastKnownFileType = wrapper.framework; name = CoreGraphics.framework; path = System/Library/Frameworks/CoreGraphics.framework; sourceTree = SDKROOT; };
		18C61A36180DACC3008B14D6 /* UIKit.framework */ = {isa = PBXFileReference; lastKnownFileType = wrapper.framework; name = UIKit.framework; path = System/Library/Frameworks/UIKit.framework; sourceTree = SDKROOT; };
		18C61A3A180DACC3008B14D6 /* DigiScope-Info.plist */ = {isa = PBXFileReference; lastKnownFileType = text.plist.xml; path = "DigiScope-Info.plist"; sourceTree = "<group>"; };
		18C61A3C180DACC3008B14D6 /* en */ = {isa = PBXFileReference; lastKnownFileType = text.plist.strings; name = en; path = en.lproj/InfoPlist.strings; sourceTree = "<group>"; };
		18C61A3E180DACC3008B14D6 /* main.m */ = {isa = PBXFileReference; lastKnownFileType = sourcecode.c.objc; path = main.m; sourceTree = "<group>"; };
		18C61A40180DACC3008B14D6 /* DigiScope-Prefix.pch */ = {isa = PBXFileReference; lastKnownFileType = sourcecode.c.h; path = "DigiScope-Prefix.pch"; sourceTree = "<group>"; };
		18C61A41180DACC3008B14D6 /* DigiScopeAppAppDelegate.h */ = {isa = PBXFileReference; lastKnownFileType = sourcecode.c.h; path = DigiScopeAppAppDelegate.h; sourceTree = "<group>"; };
		18C61A42180DACC3008B14D6 /* DigiScopeAppAppDelegate.m */ = {isa = PBXFileReference; lastKnownFileType = sourcecode.c.objc; path = DigiScopeAppAppDelegate.m; sourceTree = "<group>"; };
		18C61A45180DACC4008B14D6 /* Base */ = {isa = PBXFileReference; lastKnownFileType = file.storyboard; name = Base; path = Base.lproj/Main_iPhone.storyboard; sourceTree = "<group>"; };
		18C61A48180DACC4008B14D6 /* Base */ = {isa = PBXFileReference; lastKnownFileType = file.storyboard; name = Base; path = Base.lproj/Main_iPad.storyboard; sourceTree = "<group>"; };
		18C61A4A180DACC4008B14D6 /* DigiScopeAppViewController.h */ = {isa = PBXFileReference; lastKnownFileType = sourcecode.c.h; path = DigiScopeAppViewController.h; sourceTree = "<group>"; };
		18C61A4B180DACC4008B14D6 /* DigiScopeAppViewController.m */ = {isa = PBXFileReference; lastKnownFileType = sourcecode.c.objc; path = DigiScopeAppViewController.m; sourceTree = "<group>"; };
		18C61A4D180DACC4008B14D6 /* Images.xcassets */ = {isa = PBXFileReference; lastKnownFileType = folder.assetcatalog; path = Images.xcassets; sourceTree = "<group>"; };
		18C61A53180DACC4008B14D6 /* DigiScopeTests.xctest */ = {isa = PBXFileReference; explicitFileType = wrapper.cfbundle; includeInIndex = 0; path = DigiScopeTests.xctest; sourceTree = BUILT_PRODUCTS_DIR; };
		18C61A54180DACC4008B14D6 /* XCTest.framework */ = {isa = PBXFileReference; lastKnownFileType = wrapper.framework; name = XCTest.framework; path = Library/Frameworks/XCTest.framework; sourceTree = DEVELOPER_DIR; };
		18C61A5C180DACC4008B14D6 /* DigiScopeTests-Info.plist */ = {isa = PBXFileReference; lastKnownFileType = text.plist.xml; path = "DigiScopeTests-Info.plist"; sourceTree = "<group>"; };
		18C61A5E180DACC4008B14D6 /* en */ = {isa = PBXFileReference; lastKnownFileType = text.plist.strings; name = en; path = en.lproj/InfoPlist.strings; sourceTree = "<group>"; };
		18C61A60180DACC4008B14D6 /* DigiScopeTests.m */ = {isa = PBXFileReference; lastKnownFileType = sourcecode.c.objc; path = DigiScopeTests.m; sourceTree = "<group>"; };
		18E1533818BBB62E00125F82 /* GraphScreen.png */ = {isa = PBXFileReference; lastKnownFileType = image.png; path = GraphScreen.png; sourceTree = "<group>"; };
		18E1533D18BBB62E00125F82 /* Number_B.png */ = {isa = PBXFileReference; lastKnownFileType = image.png; path = Number_B.png; sourceTree = "<group>"; };
		18E1533E18BBB62E00125F82 /* Number_background.png */ = {isa = PBXFileReference; lastKnownFileType = image.png; path = Number_background.png; sourceTree = "<group>"; };
		18E1533F18BBB62E00125F82 /* Number_D.png */ = {isa = PBXFileReference; lastKnownFileType = image.png; path = Number_D.png; sourceTree = "<group>"; };
		18E1534018BBB62E00125F82 /* Number_E.png */ = {isa = PBXFileReference; lastKnownFileType = image.png; path = Number_E.png; sourceTree = "<group>"; };
		18E1534118BBB62E00125F82 /* Number_R.png */ = {isa = PBXFileReference; lastKnownFileType = image.png; path = Number_R.png; sourceTree = "<group>"; };
		18E1534218BBB62E00125F82 /* NumberScreen.png */ = {isa = PBXFileReference; lastKnownFileType = image.png; path = NumberScreen.png; sourceTree = "<group>"; };
		18E1536418BBE49700125F82 /* LaunchImg_L_768.png */ = {isa = PBXFileReference; lastKnownFileType = image.png; path = LaunchImg_L_768.png; sourceTree = "<group>"; };
		18E1536518BBE49700125F82 /* LaunchImg_L_960.png */ = {isa = PBXFileReference; lastKnownFileType = image.png; path = LaunchImg_L_960.png; sourceTree = "<group>"; };
		18E1536618BBE49700125F82 /* LaunchImg_L_1136.png */ = {isa = PBXFileReference; lastKnownFileType = image.png; path = LaunchImg_L_1136.png; sourceTree = "<group>"; };
		18E1536718BBE49700125F82 /* LaunchImg_L_1536.png */ = {isa = PBXFileReference; lastKnownFileType = image.png; path = LaunchImg_L_1536.png; sourceTree = "<group>"; };
		18E1536818BBE49700125F82 /* LaunchImg_P_768.png */ = {isa = PBXFileReference; lastKnownFileType = image.png; path = LaunchImg_P_768.png; sourceTree = "<group>"; };
		18E1536918BBE49700125F82 /* LaunchImg_P_960.png */ = {isa = PBXFileReference; lastKnownFileType = image.png; path = LaunchImg_P_960.png; sourceTree = "<group>"; };
		18E1536A18BBE49700125F82 /* LaunchImg_P_1136.png */ = {isa = PBXFileReference; lastKnownFileType = image.png; path = LaunchImg_P_1136.png; sourceTree = "<group>"; };
		18E1536B18BBE49700125F82 /* LaunchImg_P_1536.png */ = {isa = PBXFileReference; lastKnownFileType = image.png; path = LaunchImg_P_1536.png; sourceTree = "<group>"; };
		18E1537418BBE53D00125F82 /* AppIcon_29.png */ = {isa = PBXFileReference; lastKnownFileType = image.png; path = AppIcon_29.png; sourceTree = "<group>"; };
		18E1537518BBE53D00125F82 /* AppIcon_40.png */ = {isa = PBXFileReference; lastKnownFileType = image.png; path = AppIcon_40.png; sourceTree = "<group>"; };
		18E1537618BBE53D00125F82 /* AppIcon_58.png */ = {isa = PBXFileReference; lastKnownFileType = image.png; path = AppIcon_58.png; sourceTree = "<group>"; };
		18E1537718BBE53D00125F82 /* AppIcon_76.png */ = {isa = PBXFileReference; lastKnownFileType = image.png; path = AppIcon_76.png; sourceTree = "<group>"; };
		18E1537818BBE53D00125F82 /* AppIcon_80.png */ = {isa = PBXFileReference; lastKnownFileType = image.png; path = AppIcon_80.png; sourceTree = "<group>"; };
		18E1537918BBE53D00125F82 /* AppIcon_120.png */ = {isa = PBXFileReference; lastKnownFileType = image.png; path = AppIcon_120.png; sourceTree = "<group>"; };
		18E1538018BBEAAC00125F82 /* AppIcon_152.png */ = {isa = PBXFileReference; lastKnownFileType = image.png; path = AppIcon_152.png; sourceTree = "<group>"; };
		18E1538218BBEABC00125F82 /* Number_0.png */ = {isa = PBXFileReference; lastKnownFileType = image.png; path = Number_0.png; sourceTree = "<group>"; };
		18E1538318BBEABC00125F82 /* Number_1.png */ = {isa = PBXFileReference; lastKnownFileType = image.png; path = Number_1.png; sourceTree = "<group>"; };
		18E1538418BBEABC00125F82 /* Number_2.png */ = {isa = PBXFileReference; lastKnownFileType = image.png; path = Number_2.png; sourceTree = "<group>"; };
		18E1538518BBEABC00125F82 /* Number_3.png */ = {isa = PBXFileReference; lastKnownFileType = image.png; path = Number_3.png; sourceTree = "<group>"; };
		18E1538618BBEABC00125F82 /* Number_4.png */ = {isa = PBXFileReference; lastKnownFileType = image.png; path = Number_4.png; sourceTree = "<group>"; };
		18E1538718BBEABC00125F82 /* Number_5.png */ = {isa = PBXFileReference; lastKnownFileType = image.png; path = Number_5.png; sourceTree = "<group>"; };
		18E1538818BBEABC00125F82 /* Number_6.png */ = {isa = PBXFileReference; lastKnownFileType = image.png; path = Number_6.png; sourceTree = "<group>"; };
		18E1538918BBEABC00125F82 /* Number_7.png */ = {isa = PBXFileReference; lastKnownFileType = image.png; path = Number_7.png; sourceTree = "<group>"; };
		18E1538A18BBEABC00125F82 /* Number_8.png */ = {isa = PBXFileReference; lastKnownFileType = image.png; path = Number_8.png; sourceTree = "<group>"; };
		18E1538B18BBEABC00125F82 /* Number_9.png */ = {isa = PBXFileReference; lastKnownFileType = image.png; path = Number_9.png; sourceTree = "<group>"; };
/* End PBXFileReference section */

/* Begin PBXFrameworksBuildPhase section */
		18C61A2C180DACC3008B14D6 /* Frameworks */ = {
			isa = PBXFrameworksBuildPhase;
			buildActionMask = 2147483647;
			files = (
				18101D32185293D600F17259 /* MessageUI.framework in Frameworks */,
				18413178184CE3B4002CA705 /* CoreData.framework in Frameworks */,
				18413176184CE3AA002CA705 /* CoreAudio.framework in Frameworks */,
				18413174184CE3A1002CA705 /* AVFoundation.framework in Frameworks */,
				18413172184CE395002CA705 /* AudioToolbox.framework in Frameworks */,
				18413170184CE38D002CA705 /* MediaPlayer.framework in Frameworks */,
				18C61A35180DACC3008B14D6 /* CoreGraphics.framework in Frameworks */,
				18C61A37180DACC3008B14D6 /* UIKit.framework in Frameworks */,
				18C61A33180DACC3008B14D6 /* Foundation.framework in Frameworks */,
			);
			runOnlyForDeploymentPostprocessing = 0;
		};
		18C61A50180DACC4008B14D6 /* Frameworks */ = {
			isa = PBXFrameworksBuildPhase;
			buildActionMask = 2147483647;
			files = (
				18C61A55180DACC4008B14D6 /* XCTest.framework in Frameworks */,
				18C61A57180DACC4008B14D6 /* UIKit.framework in Frameworks */,
				18C61A56180DACC4008B14D6 /* Foundation.framework in Frameworks */,
			);
			runOnlyForDeploymentPostprocessing = 0;
		};
/* End PBXFrameworksBuildPhase section */

/* Begin PBXGroup section */
		18413182184E2DF0002CA705 /* iPublicUtility */ = {
			isa = PBXGroup;
			children = (
				18413183184E2E07002CA705 /* CABitOperations.h */,
				18413184184E2E07002CA705 /* CADebugMacros.h */,
				18413185184E2E07002CA705 /* CADebugMacros.cpp */,
				18413186184E2E07002CA705 /* CAXException.h */,
				18413187184E2E07002CA705 /* CAXException.cpp */,
				18413188184E2E07002CA705 /* CAMath.h */,
				1841318B184E2E07002CA705 /* CADebugPrintf.cpp */,
				1841318C184E2E07002CA705 /* CADebugPrintf.h */,
				18547232187C5850009759D2 /* CAStreamBasicDescription.cpp */,
				18547233187C5850009759D2 /* CAStreamBasicDescription.h */,
			);
			name = iPublicUtility;
			sourceTree = "<group>";
		};
		18C61A26180DACC3008B14D6 = {
			isa = PBXGroup;
			children = (
				18C61A38180DACC3008B14D6 /* DigiScope */,
				18C61A5A180DACC4008B14D6 /* DigiScopeTests */,
				18C61A31180DACC3008B14D6 /* Frameworks */,
				18C61A30180DACC3008B14D6 /* Products */,
			);
			sourceTree = "<group>";
		};
		18C61A30180DACC3008B14D6 /* Products */ = {
			isa = PBXGroup;
			children = (
				18C61A2F180DACC3008B14D6 /* DigiScope.app */,
				18C61A53180DACC4008B14D6 /* DigiScopeTests.xctest */,
			);
			name = Products;
			sourceTree = "<group>";
		};
		18C61A31180DACC3008B14D6 /* Frameworks */ = {
			isa = PBXGroup;
			children = (
				18101D31185293D600F17259 /* MessageUI.framework */,
				18413177184CE3B4002CA705 /* CoreData.framework */,
				18413175184CE3AA002CA705 /* CoreAudio.framework */,
				18413173184CE3A1002CA705 /* AVFoundation.framework */,
				18413171184CE395002CA705 /* AudioToolbox.framework */,
				1841316F184CE38D002CA705 /* MediaPlayer.framework */,
				18C61A32180DACC3008B14D6 /* Foundation.framework */,
				18C61A34180DACC3008B14D6 /* CoreGraphics.framework */,
				18C61A36180DACC3008B14D6 /* UIKit.framework */,
				18C61A54180DACC4008B14D6 /* XCTest.framework */,
			);
			name = Frameworks;
			sourceTree = "<group>";
		};
		18C61A38180DACC3008B14D6 /* DigiScope */ = {
			isa = PBXGroup;
			children = (
				18C61A41180DACC3008B14D6 /* DigiScopeAppAppDelegate.h */,
				18C61A42180DACC3008B14D6 /* DigiScopeAppAppDelegate.m */,
				18C61A44180DACC4008B14D6 /* Main_iPhone.storyboard */,
				18C61A47180DACC4008B14D6 /* Main_iPad.storyboard */,
				18C61A4A180DACC4008B14D6 /* DigiScopeAppViewController.h */,
				18C61A4B180DACC4008B14D6 /* DigiScopeAppViewController.m */,
				1841317F184CECD8002CA705 /* LiveViewController.h */,
				18413180184CECD8002CA705 /* LiveViewController.mm */,
				18413179184CE43F002CA705 /* GlobalVar.h */,
				1841317A184CE43F002CA705 /* GlobalVar.m */,
				1841316C184CE366002CA705 /* AudioController.h */,
				1841316D184CE366002CA705 /* AudioController.mm */,
				18547235187C5D69009759D2 /* EAGLView.h */,
				18547236187C5D69009759D2 /* EAGLView.m */,
				18101D2E184F86C500F17259 /* UIPopoverOverride.h */,
				18101D2F184F86C500F17259 /* UIPopoverOverride.m */,
				18396D7018C111A7006079F3 /* Storm.m4a */,
				18C61A4D180DACC4008B14D6 /* Images.xcassets */,
				18E1529218B5B5B600125F82 /* Pictures */,
				18C61A39180DACC3008B14D6 /* Supporting Files */,
			);
			path = DigiScope;
			sourceTree = "<group>";
		};
		18C61A39180DACC3008B14D6 /* Supporting Files */ = {
			isa = PBXGroup;
			children = (
				18101CE4184F794100F17259 /* DigiScope.xcdatamodeld */,
				1853B3B018A0A060008DB98B /* Recording.h */,
				1853B3B118A0A060008DB98B /* Recording.m */,
				18C61A3A180DACC3008B14D6 /* DigiScope-Info.plist */,
				18C61A3B180DACC3008B14D6 /* InfoPlist.strings */,
				18C61A3E180DACC3008B14D6 /* main.m */,
				18C61A40180DACC3008B14D6 /* DigiScope-Prefix.pch */,
				18413182184E2DF0002CA705 /* iPublicUtility */,
			);
			name = "Supporting Files";
			sourceTree = "<group>";
		};
		18C61A5A180DACC4008B14D6 /* DigiScopeTests */ = {
			isa = PBXGroup;
			children = (
				18C61A60180DACC4008B14D6 /* DigiScopeTests.m */,
				18C61A5B180DACC4008B14D6 /* Supporting Files */,
			);
			path = DigiScopeTests;
			sourceTree = "<group>";
		};
		18C61A5B180DACC4008B14D6 /* Supporting Files */ = {
			isa = PBXGroup;
			children = (
				18C61A5C180DACC4008B14D6 /* DigiScopeTests-Info.plist */,
				18C61A5D180DACC4008B14D6 /* InfoPlist.strings */,
			);
			name = "Supporting Files";
			sourceTree = "<group>";
		};
		18E1529218B5B5B600125F82 /* Pictures */ = {
			isa = PBXGroup;
			children = (
				18E1536418BBE49700125F82 /* LaunchImg_L_768.png */,
				18E1536518BBE49700125F82 /* LaunchImg_L_960.png */,
				18E1536618BBE49700125F82 /* LaunchImg_L_1136.png */,
				18E1536718BBE49700125F82 /* LaunchImg_L_1536.png */,
				18E1536818BBE49700125F82 /* LaunchImg_P_768.png */,
				18E1536918BBE49700125F82 /* LaunchImg_P_960.png */,
				18E1536A18BBE49700125F82 /* LaunchImg_P_1136.png */,
				18E1536B18BBE49700125F82 /* LaunchImg_P_1536.png */,
				18E1537418BBE53D00125F82 /* AppIcon_29.png */,
				18E1537518BBE53D00125F82 /* AppIcon_40.png */,
				18E1537618BBE53D00125F82 /* AppIcon_58.png */,
				18E1537718BBE53D00125F82 /* AppIcon_76.png */,
				18E1537818BBE53D00125F82 /* AppIcon_80.png */,
				18E1537918BBE53D00125F82 /* AppIcon_120.png */,
				18E1538018BBEAAC00125F82 /* AppIcon_152.png */,
				18E1533818BBB62E00125F82 /* GraphScreen.png */,
				18E1538218BBEABC00125F82 /* Number_0.png */,
				18E1538318BBEABC00125F82 /* Number_1.png */,
				18E1538418BBEABC00125F82 /* Number_2.png */,
				183EC9AB18BE5A4A00C29ED1 /* Delete.png */,
				183EC9B318BE5A5900C29ED1 /* Open.png */,
				183EC9B418BE5A5900C29ED1 /* Play_0.png */,
				183EC9B518BE5A5900C29ED1 /* Play_1.png */,
				183EC9B618BE5A5900C29ED1 /* Record_0.png */,
				183EC9B718BE5A5900C29ED1 /* Record_1.png */,
				183EC9B818BE5A5900C29ED1 /* Save.png */,
				183EC9B918BE5A5900C29ED1 /* SliderSurface.png */,
				183EC9AC18BE5A4A00C29ED1 /* ECG_0.png */,
				183EC9AD18BE5A4A00C29ED1 /* ECG_1.png */,
				183EC9AE18BE5A4A00C29ED1 /* Export.png */,
				18E1538518BBEABC00125F82 /* Number_3.png */,
				18E1538618BBEABC00125F82 /* Number_4.png */,
				18E1538718BBEABC00125F82 /* Number_5.png */,
				18E1538818BBEABC00125F82 /* Number_6.png */,
				18E1538918BBEABC00125F82 /* Number_7.png */,
				18E1538A18BBEABC00125F82 /* Number_8.png */,
				18E1538B18BBEABC00125F82 /* Number_9.png */,
				18E1533D18BBB62E00125F82 /* Number_B.png */,
				18E1533E18BBB62E00125F82 /* Number_background.png */,
				18E1533F18BBB62E00125F82 /* Number_D.png */,
				18E1534018BBB62E00125F82 /* Number_E.png */,
				18E1534118BBB62E00125F82 /* Number_R.png */,
				18E1534218BBB62E00125F82 /* NumberScreen.png */,
			);
			name = Pictures;
			sourceTree = "<group>";
		};
/* End PBXGroup section */

/* Begin PBXNativeTarget section */
		18C61A2E180DACC3008B14D6 /* DigiScope */ = {
			isa = PBXNativeTarget;
			buildConfigurationList = 18C61A64180DACC4008B14D6 /* Build configuration list for PBXNativeTarget "DigiScope" */;
			buildPhases = (
				18C61A2B180DACC3008B14D6 /* Sources */,
				18C61A2C180DACC3008B14D6 /* Frameworks */,
				18C61A2D180DACC3008B14D6 /* Resources */,
			);
			buildRules = (
			);
			dependencies = (
			);
			name = DigiScope;
			productName = DigiScope;
			productReference = 18C61A2F180DACC3008B14D6 /* DigiScope.app */;
			productType = "com.apple.product-type.application";
		};
		18C61A52180DACC4008B14D6 /* DigiScopeTests */ = {
			isa = PBXNativeTarget;
			buildConfigurationList = 18C61A67180DACC4008B14D6 /* Build configuration list for PBXNativeTarget "DigiScopeTests" */;
			buildPhases = (
				18C61A4F180DACC4008B14D6 /* Sources */,
				18C61A50180DACC4008B14D6 /* Frameworks */,
				18C61A51180DACC4008B14D6 /* Resources */,
			);
			buildRules = (
			);
			dependencies = (
				18C61A59180DACC4008B14D6 /* PBXTargetDependency */,
			);
			name = DigiScopeTests;
			productName = DigiScopeTests;
			productReference = 18C61A53180DACC4008B14D6 /* DigiScopeTests.xctest */;
			productType = "com.apple.product-type.bundle.unit-test";
		};
/* End PBXNativeTarget section */

/* Begin PBXProject section */
		18C61A27180DACC3008B14D6 /* Project object */ = {
			isa = PBXProject;
			attributes = {
				CLASSPREFIX = DigiScopeApp;
				LastUpgradeCheck = 0500;
				ORGANIZATIONNAME = "Sound the Bell";
				TargetAttributes = {
					18C61A52180DACC4008B14D6 = {
						TestTargetID = 18C61A2E180DACC3008B14D6;
					};
				};
			};
			buildConfigurationList = 18C61A2A180DACC3008B14D6 /* Build configuration list for PBXProject "DigiScope" */;
			compatibilityVersion = "Xcode 3.2";
			developmentRegion = English;
			hasScannedForEncodings = 0;
			knownRegions = (
				en,
				Base,
			);
			mainGroup = 18C61A26180DACC3008B14D6;
			productRefGroup = 18C61A30180DACC3008B14D6 /* Products */;
			projectDirPath = "";
			projectRoot = "";
			targets = (
				18C61A2E180DACC3008B14D6 /* DigiScope */,
				18C61A52180DACC4008B14D6 /* DigiScopeTests */,
			);
		};
/* End PBXProject section */

/* Begin PBXResourcesBuildPhase section */
		18C61A2D180DACC3008B14D6 /* Resources */ = {
			isa = PBXResourcesBuildPhase;
			buildActionMask = 2147483647;
			files = (
				18E1539518BBEABC00125F82 /* Number_9.png in Resources */,
				183EC9BB18BE5A5900C29ED1 /* Play_0.png in Resources */,
				18E1537218BBE49700125F82 /* LaunchImg_P_1136.png in Resources */,
				18E1536F18BBE49700125F82 /* LaunchImg_L_1536.png in Resources */,
				18E1539318BBEABC00125F82 /* Number_7.png in Resources */,
				18E1537D18BBE53D00125F82 /* AppIcon_76.png in Resources */,
				18E1538C18BBEABC00125F82 /* Number_0.png in Resources */,
				18E1535A18BBB62E00125F82 /* Number_E.png in Resources */,
				18E1537018BBE49700125F82 /* LaunchImg_P_768.png in Resources */,
				18E1535C18BBB62E00125F82 /* NumberScreen.png in Resources */,
				18E1536C18BBE49700125F82 /* LaunchImg_L_768.png in Resources */,
				18E1535218BBB62E00125F82 /* GraphScreen.png in Resources */,
				18C61A49180DACC4008B14D6 /* Main_iPad.storyboard in Resources */,
				18E1539418BBEABC00125F82 /* Number_8.png in Resources */,
				18396D7118C111A7006079F3 /* Storm.m4a in Resources */,
				18E1537118BBE49700125F82 /* LaunchImg_P_960.png in Resources */,
				183EC9B018BE5A4A00C29ED1 /* ECG_0.png in Resources */,
				183EC9C018BE5A5900C29ED1 /* SliderSurface.png in Resources */,
				183EC9B218BE5A4A00C29ED1 /* Export.png in Resources */,
				18E1539118BBEABC00125F82 /* Number_5.png in Resources */,
				183EC9BA18BE5A5900C29ED1 /* Open.png in Resources */,
				18E1536D18BBE49700125F82 /* LaunchImg_L_960.png in Resources */,
				18E1537C18BBE53D00125F82 /* AppIcon_58.png in Resources */,
				18E1538118BBEAAC00125F82 /* AppIcon_152.png in Resources */,
				18C61A4E180DACC4008B14D6 /* Images.xcassets in Resources */,
				18E1539018BBEABC00125F82 /* Number_4.png in Resources */,
				183EC9AF18BE5A4A00C29ED1 /* Delete.png in Resources */,
				18E1536E18BBE49700125F82 /* LaunchImg_L_1136.png in Resources */,
				183EC9B118BE5A4A00C29ED1 /* ECG_1.png in Resources */,
				18E1535B18BBB62E00125F82 /* Number_R.png in Resources */,
				18E1538D18BBEABC00125F82 /* Number_1.png in Resources */,
				18E1537E18BBE53D00125F82 /* AppIcon_80.png in Resources */,
				183EC9BD18BE5A5900C29ED1 /* Record_0.png in Resources */,
				183EC9BF18BE5A5900C29ED1 /* Save.png in Resources */,
				18E1537B18BBE53D00125F82 /* AppIcon_40.png in Resources */,
				183EC9BC18BE5A5900C29ED1 /* Play_1.png in Resources */,
				18E1537A18BBE53D00125F82 /* AppIcon_29.png in Resources */,
				18C61A46180DACC4008B14D6 /* Main_iPhone.storyboard in Resources */,
				18E1538F18BBEABC00125F82 /* Number_3.png in Resources */,
				18C61A3D180DACC3008B14D6 /* InfoPlist.strings in Resources */,
				18E1537F18BBE53D00125F82 /* AppIcon_120.png in Resources */,
				18E1535818BBB62E00125F82 /* Number_background.png in Resources */,
				18E1537318BBE49700125F82 /* LaunchImg_P_1536.png in Resources */,
				18E1539218BBEABC00125F82 /* Number_6.png in Resources */,
				18E1535718BBB62E00125F82 /* Number_B.png in Resources */,
				18E1538E18BBEABC00125F82 /* Number_2.png in Resources */,
				183EC9BE18BE5A5900C29ED1 /* Record_1.png in Resources */,
				18E1535918BBB62E00125F82 /* Number_D.png in Resources */,
			);
			runOnlyForDeploymentPostprocessing = 0;
		};
		18C61A51180DACC4008B14D6 /* Resources */ = {
			isa = PBXResourcesBuildPhase;
			buildActionMask = 2147483647;
			files = (
				18C61A5F180DACC4008B14D6 /* InfoPlist.strings in Resources */,
			);
			runOnlyForDeploymentPostprocessing = 0;
		};
/* End PBXResourcesBuildPhase section */

/* Begin PBXSourcesBuildPhase section */
		18C61A2B180DACC3008B14D6 /* Sources */ = {
			isa = PBXSourcesBuildPhase;
			buildActionMask = 2147483647;
			files = (
				18413181184CECD8002CA705 /* LiveViewController.mm in Sources */,
				1841316E184CE366002CA705 /* AudioController.mm in Sources */,
				18C61A43180DACC3008B14D6 /* DigiScopeAppAppDelegate.m in Sources */,
				18547237187C5D69009759D2 /* EAGLView.m in Sources */,
				18C61A3F180DACC3008B14D6 /* main.m in Sources */,
				1841318E184E2E07002CA705 /* CAXException.cpp in Sources */,
				18101CE6184F794100F17259 /* DigiScope.xcdatamodeld in Sources */,
				18413190184E2E07002CA705 /* CADebugPrintf.cpp in Sources */,
				18C61A4C180DACC4008B14D6 /* DigiScopeAppViewController.m in Sources */,
				18547234187C5850009759D2 /* CAStreamBasicDescription.cpp in Sources */,
				1841318D184E2E07002CA705 /* CADebugMacros.cpp in Sources */,
				1841317B184CE43F002CA705 /* GlobalVar.m in Sources */,
				18101D30184F86C500F17259 /* UIPopoverOverride.m in Sources */,
				1853B3B218A0A060008DB98B /* Recording.m in Sources */,
			);
			runOnlyForDeploymentPostprocessing = 0;
		};
		18C61A4F180DACC4008B14D6 /* Sources */ = {
			isa = PBXSourcesBuildPhase;
			buildActionMask = 2147483647;
			files = (
				18C61A61180DACC4008B14D6 /* DigiScopeTests.m in Sources */,
			);
			runOnlyForDeploymentPostprocessing = 0;
		};
/* End PBXSourcesBuildPhase section */

/* Begin PBXTargetDependency section */
		18C61A59180DACC4008B14D6 /* PBXTargetDependency */ = {
			isa = PBXTargetDependency;
			target = 18C61A2E180DACC3008B14D6 /* DigiScope */;
			targetProxy = 18C61A58180DACC4008B14D6 /* PBXContainerItemProxy */;
		};
/* End PBXTargetDependency section */

/* Begin PBXVariantGroup section */
		18C61A3B180DACC3008B14D6 /* InfoPlist.strings */ = {
			isa = PBXVariantGroup;
			children = (
				18C61A3C180DACC3008B14D6 /* en */,
			);
			name = InfoPlist.strings;
			sourceTree = "<group>";
		};
		18C61A44180DACC4008B14D6 /* Main_iPhone.storyboard */ = {
			isa = PBXVariantGroup;
			children = (
				18C61A45180DACC4008B14D6 /* Base */,
			);
			name = Main_iPhone.storyboard;
			sourceTree = "<group>";
		};
		18C61A47180DACC4008B14D6 /* Main_iPad.storyboard */ = {
			isa = PBXVariantGroup;
			children = (
				18C61A48180DACC4008B14D6 /* Base */,
			);
			name = Main_iPad.storyboard;
			sourceTree = "<group>";
		};
		18C61A5D180DACC4008B14D6 /* InfoPlist.strings */ = {
			isa = PBXVariantGroup;
			children = (
				18C61A5E180DACC4008B14D6 /* en */,
			);
			name = InfoPlist.strings;
			sourceTree = "<group>";
		};
/* End PBXVariantGroup section */

/* Begin XCBuildConfiguration section */
		18C61A62180DACC4008B14D6 /* Debug */ = {
			isa = XCBuildConfiguration;
			buildSettings = {
				ALWAYS_SEARCH_USER_PATHS = NO;
				ARCHS = "$(ARCHS_STANDARD_INCLUDING_64_BIT)";
				CLANG_CXX_LANGUAGE_STANDARD = "gnu++0x";
				CLANG_CXX_LIBRARY = "libc++";
				CLANG_ENABLE_MODULES = YES;
				CLANG_ENABLE_OBJC_ARC = YES;
				CLANG_WARN_BOOL_CONVERSION = YES;
				CLANG_WARN_CONSTANT_CONVERSION = YES;
				CLANG_WARN_DIRECT_OBJC_ISA_USAGE = YES_ERROR;
				CLANG_WARN_EMPTY_BODY = YES;
				CLANG_WARN_ENUM_CONVERSION = YES;
				CLANG_WARN_INT_CONVERSION = YES;
				CLANG_WARN_OBJC_ROOT_CLASS = YES_ERROR;
				CLANG_WARN__DUPLICATE_METHOD_MATCH = YES;
				"CODE_SIGN_IDENTITY[sdk=iphoneos*]" = "iPhone Developer";
				COPY_PHASE_STRIP = NO;
				GCC_C_LANGUAGE_STANDARD = gnu99;
				GCC_DYNAMIC_NO_PIC = NO;
				GCC_OPTIMIZATION_LEVEL = 0;
				GCC_PREPROCESSOR_DEFINITIONS = (
					"DEBUG=1",
					"$(inherited)",
				);
				GCC_SYMBOLS_PRIVATE_EXTERN = NO;
				GCC_WARN_64_TO_32_BIT_CONVERSION = YES;
				GCC_WARN_ABOUT_RETURN_TYPE = YES_ERROR;
				GCC_WARN_UNDECLARED_SELECTOR = YES;
				GCC_WARN_UNINITIALIZED_AUTOS = YES;
				GCC_WARN_UNUSED_FUNCTION = YES;
				GCC_WARN_UNUSED_VARIABLE = YES;
				IPHONEOS_DEPLOYMENT_TARGET = 7.1;
				ONLY_ACTIVE_ARCH = YES;
				SDKROOT = iphoneos;
				TARGETED_DEVICE_FAMILY = "1,2";
			};
			name = Debug;
		};
		18C61A63180DACC4008B14D6 /* Release */ = {
			isa = XCBuildConfiguration;
			buildSettings = {
				ALWAYS_SEARCH_USER_PATHS = NO;
				ARCHS = "$(ARCHS_STANDARD_INCLUDING_64_BIT)";
				CLANG_CXX_LANGUAGE_STANDARD = "gnu++0x";
				CLANG_CXX_LIBRARY = "libc++";
				CLANG_ENABLE_MODULES = YES;
				CLANG_ENABLE_OBJC_ARC = YES;
				CLANG_WARN_BOOL_CONVERSION = YES;
				CLANG_WARN_CONSTANT_CONVERSION = YES;
				CLANG_WARN_DIRECT_OBJC_ISA_USAGE = YES_ERROR;
				CLANG_WARN_EMPTY_BODY = YES;
				CLANG_WARN_ENUM_CONVERSION = YES;
				CLANG_WARN_INT_CONVERSION = YES;
				CLANG_WARN_OBJC_ROOT_CLASS = YES_ERROR;
				CLANG_WARN__DUPLICATE_METHOD_MATCH = YES;
				"CODE_SIGN_IDENTITY[sdk=iphoneos*]" = "iPhone Developer";
				COPY_PHASE_STRIP = YES;
				ENABLE_NS_ASSERTIONS = NO;
				GCC_C_LANGUAGE_STANDARD = gnu99;
				GCC_WARN_64_TO_32_BIT_CONVERSION = YES;
				GCC_WARN_ABOUT_RETURN_TYPE = YES_ERROR;
				GCC_WARN_UNDECLARED_SELECTOR = YES;
				GCC_WARN_UNINITIALIZED_AUTOS = YES;
				GCC_WARN_UNUSED_FUNCTION = YES;
				GCC_WARN_UNUSED_VARIABLE = YES;
				IPHONEOS_DEPLOYMENT_TARGET = 7.1;
				SDKROOT = iphoneos;
				TARGETED_DEVICE_FAMILY = "1,2";
				VALIDATE_PRODUCT = YES;
			};
			name = Release;
		};
		18C61A65180DACC4008B14D6 /* Debug */ = {
			isa = XCBuildConfiguration;
			buildSettings = {
				ASSETCATALOG_COMPILER_APPICON_NAME = AppIcon;
				ASSETCATALOG_COMPILER_LAUNCHIMAGE_NAME = LaunchImage;
				GCC_PRECOMPILE_PREFIX_HEADER = YES;
				GCC_PREFIX_HEADER = "DigiScope/DigiScope-Prefix.pch";
				INFOPLIST_FILE = "DigiScope/DigiScope-Info.plist";
				PRODUCT_NAME = "$(TARGET_NAME)";
				WRAPPER_EXTENSION = app;
			};
			name = Debug;
		};
		18C61A66180DACC4008B14D6 /* Release */ = {
			isa = XCBuildConfiguration;
			buildSettings = {
				ASSETCATALOG_COMPILER_APPICON_NAME = AppIcon;
				ASSETCATALOG_COMPILER_LAUNCHIMAGE_NAME = LaunchImage;
				GCC_PRECOMPILE_PREFIX_HEADER = YES;
				GCC_PREFIX_HEADER = "DigiScope/DigiScope-Prefix.pch";
				INFOPLIST_FILE = "DigiScope/DigiScope-Info.plist";
				PRODUCT_NAME = "$(TARGET_NAME)";
				WRAPPER_EXTENSION = app;
			};
			name = Release;
		};
		18C61A68180DACC4008B14D6 /* Debug */ = {
			isa = XCBuildConfiguration;
			buildSettings = {
				ARCHS = "$(ARCHS_STANDARD_INCLUDING_64_BIT)";
				BUNDLE_LOADER = "$(BUILT_PRODUCTS_DIR)/DigiScope.app/DigiScope";
				FRAMEWORK_SEARCH_PATHS = (
					"$(SDKROOT)/Developer/Library/Frameworks",
					"$(inherited)",
					"$(DEVELOPER_FRAMEWORKS_DIR)",
				);
				GCC_PRECOMPILE_PREFIX_HEADER = YES;
				GCC_PREFIX_HEADER = "DigiScope/DigiScope-Prefix.pch";
				GCC_PREPROCESSOR_DEFINITIONS = (
					"DEBUG=1",
					"$(inherited)",
				);
				INFOPLIST_FILE = "DigiScopeTests/DigiScopeTests-Info.plist";
				PRODUCT_NAME = "$(TARGET_NAME)";
				TEST_HOST = "$(BUNDLE_LOADER)";
				WRAPPER_EXTENSION = xctest;
			};
			name = Debug;
		};
		18C61A69180DACC4008B14D6 /* Release */ = {
			isa = XCBuildConfiguration;
			buildSettings = {
				ARCHS = "$(ARCHS_STANDARD_INCLUDING_64_BIT)";
				BUNDLE_LOADER = "$(BUILT_PRODUCTS_DIR)/DigiScope.app/DigiScope";
				FRAMEWORK_SEARCH_PATHS = (
					"$(SDKROOT)/Developer/Library/Frameworks",
					"$(inherited)",
					"$(DEVELOPER_FRAMEWORKS_DIR)",
				);
				GCC_PRECOMPILE_PREFIX_HEADER = YES;
				GCC_PREFIX_HEADER = "DigiScope/DigiScope-Prefix.pch";
				INFOPLIST_FILE = "DigiScopeTests/DigiScopeTests-Info.plist";
				PRODUCT_NAME = "$(TARGET_NAME)";
				TEST_HOST = "$(BUNDLE_LOADER)";
				WRAPPER_EXTENSION = xctest;
			};
			name = Release;
		};
/* End XCBuildConfiguration section */

/* Begin XCConfigurationList section */
		18C61A2A180DACC3008B14D6 /* Build configuration list for PBXProject "DigiScope" */ = {
			isa = XCConfigurationList;
			buildConfigurations = (
				18C61A62180DACC4008B14D6 /* Debug */,
				18C61A63180DACC4008B14D6 /* Release */,
			);
			defaultConfigurationIsVisible = 0;
			defaultConfigurationName = Release;
		};
		18C61A64180DACC4008B14D6 /* Build configuration list for PBXNativeTarget "DigiScope" */ = {
			isa = XCConfigurationList;
			buildConfigurations = (
				18C61A65180DACC4008B14D6 /* Debug */,
				18C61A66180DACC4008B14D6 /* Release */,
			);
			defaultConfigurationIsVisible = 0;
			defaultConfigurationName = Release;
		};
		18C61A67180DACC4008B14D6 /* Build configuration list for PBXNativeTarget "DigiScopeTests" */ = {
			isa = XCConfigurationList;
			buildConfigurations = (
				18C61A68180DACC4008B14D6 /* Debug */,
				18C61A69180DACC4008B14D6 /* Release */,
			);
			defaultConfigurationIsVisible = 0;
			defaultConfigurationName = Release;
		};
/* End XCConfigurationList section */

/* Begin XCVersionGroup section */
		18101CE4184F794100F17259 /* DigiScope.xcdatamodeld */ = {
			isa = XCVersionGroup;
			children = (
				18101CE5184F794100F17259 /* DigiScope.xcdatamodel */,
			);
			currentVersion = 18101CE5184F794100F17259 /* DigiScope.xcdatamodel */;
			path = DigiScope.xcdatamodeld;
			sourceTree = "<group>";
			versionGroupType = wrapper.xcdatamodel;
		};
/* End XCVersionGroup section */
	};
	rootObject = 18C61A27180DACC3008B14D6 /* Project object */;
}
